
Microsoft Visual Studio Solution File, Format Version 12.00
# Visual Studio Version 17
VisualStudioVersion = 17.4.33205.214
MinimumVisualStudioVersion = 10.0.40219.1
Project("{9A19103F-16F7-4668-BE54-9A1E7A4F7556}") = "ConsoleApp2", "ConsoleApp2\ConsoleApp2.csproj", "{0985041E-BA2D-4E48-9746-187348AB9C19}"
EndProject
Project("{8BC9CEB8-8B4A-11D0-8D11-00A0C91BC942}") = "Dll", "Dll\Dll.vcxproj", "{C1CE56DF-40CB-483B-B166-9AB451E96394}"
EndProject
Project("{9A19103F-16F7-4668-BE54-9A1E7A4F7556}") = "WPF", "WPF\WPF.csproj", "{A91CDE33-B11D-436F-BBC9-EE808DA0E469}"
	ProjectSection(ProjectDependencies) = postProject
		{0985041E-BA2D-4E48-9746-187348AB9C19} = {0985041E-BA2D-4E48-9746-187348AB9C19}
	EndProjectSection
EndProject
Global
	GlobalSection(SolutionConfigurationPlatforms) = preSolution
		Debug|Any CPU = Debug|Any CPU
		Debug|x64 = Debug|x64
		Debug|x86 = Debug|x86
		Release|Any CPU = Release|Any CPU
		Release|x64 = Release|x64
		Release|x86 = Release|x86
	EndGlobalSection
	GlobalSection(ProjectConfigurationPlatforms) = postSolution
		{0985041E-BA2D-4E48-9746-187348AB9C19}.Debug|Any CPU.ActiveCfg = Debug|Any CPU
		{0985041E-BA2D-4E48-9746-187348AB9C19}.Debug|Any CPU.Build.0 = Debug|Any CPU
		{0985041E-BA2D-4E48-9746-187348AB9C19}.Debug|x64.ActiveCfg = Debug|Any CPU
		{0985041E-BA2D-4E48-9746-187348AB9C19}.Debug|x64.Build.0 = Debug|Any CPU
		{0985041E-BA2D-4E48-9746-187348AB9C19}.Debug|x86.ActiveCfg = Debug|Any CPU
		{0985041E-BA2D-4E48-9746-187348AB9C19}.Debug|x86.Build.0 = Debug|Any CPU
		{0985041E-BA2D-4E48-9746-187348AB9C19}.Release|Any CPU.ActiveCfg = Release|Any CPU
		{0985041E-BA2D-4E48-9746-187348AB9C19}.Release|Any CPU.Build.0 = Release|Any CPU
		{0985041E-BA2D-4E48-9746-187348AB9C19}.Release|x64.ActiveCfg = Release|Any CPU
		{0985041E-BA2D-4E48-9746-187348AB9C19}.Release|x64.Build.0 = Release|Any CPU
		{0985041E-BA2D-4E48-9746-187348AB9C19}.Release|x86.ActiveCfg = Release|Any CPU
		{0985041E-BA2D-4E48-9746-187348AB9C19}.Release|x86.Build.0 = Release|Any CPU
		{C1CE56DF-40CB-483B-B166-9AB451E96394}.Debug|Any CPU.ActiveCfg = Debug|x64
		{C1CE56DF-40CB-483B-B166-9AB451E96394}.Debug|Any CPU.Build.0 = Debug|x64
		{C1CE56DF-40CB-483B-B166-9AB451E96394}.Debug|x64.ActiveCfg = Debug|x64
		{C1CE56DF-40CB-483B-B166-9AB451E96394}.Debug|x64.Build.0 = Debug|x64
		{C1CE56DF-40CB-483B-B166-9AB451E96394}.Debug|x86.ActiveCfg = Debug|Win32
		{C1CE56DF-40CB-483B-B166-9AB451E96394}.Debug|x86.Build.0 = Debug|Win32
		{C1CE56DF-40CB-483B-B166-9AB451E96394}.Release|Any CPU.ActiveCfg = Release|x64
		{C1CE56DF-40CB-483B-B166-9AB451E96394}.Release|Any CPU.Build.0 = Release|x64
		{C1CE56DF-40CB-483B-B166-9AB451E96394}.Release|x64.ActiveCfg = Release|x64
		{C1CE56DF-40CB-483B-B166-9AB451E96394}.Release|x64.Build.0 = Release|x64
		{C1CE56DF-40CB-483B-B166-9AB451E96394}.Release|x86.ActiveCfg = Release|Win32
		{C1CE56DF-40CB-483B-B166-9AB451E96394}.Release|x86.Build.0 = Release|Win32
		{A91CDE33-B11D-436F-BBC9-EE808DA0E469}.Debug|Any CPU.ActiveCfg = Debug|Any CPU
		{A91CDE33-B11D-436F-BBC9-EE808DA0E469}.Debug|Any CPU.Build.0 = Debug|Any CPU
		{A91CDE33-B11D-436F-BBC9-EE808DA0E469}.Debug|x64.ActiveCfg = Debug|Any CPU
		{A91CDE33-B11D-436F-BBC9-EE808DA0E469}.Debug|x64.Build.0 = Debug|Any CPU
		{A91CDE33-B11D-436F-BBC9-EE808DA0E469}.Debug|x86.ActiveCfg = Debug|Any CPU
		{A91CDE33-B11D-436F-BBC9-EE808DA0E469}.Debug|x86.Build.0 = Debug|Any CPU
		{A91CDE33-B11D-436F-BBC9-EE808DA0E469}.Release|Any CPU.ActiveCfg = Release|Any CPU
		{A91CDE33-B11D-436F-BBC9-EE808DA0E469}.Release|Any CPU.Build.0 = Release|Any CPU
		{A91CDE33-B11D-436F-BBC9-EE808DA0E469}.Release|x64.ActiveCfg = Release|Any CPU
		{A91CDE33-B11D-436F-BBC9-EE808DA0E469}.Release|x64.Build.0 = Release|Any CPU
		{A91CDE33-B11D-436F-BBC9-EE808DA0E469}.Release|x86.ActiveCfg = Release|Any CPU
		{A91CDE33-B11D-436F-BBC9-EE808DA0E469}.Release|x86.Build.0 = Release|Any CPU
	EndGlobalSection
	GlobalSection(SolutionProperties) = preSolution
		HideSolutionNode = FALSE
	EndGlobalSection
	GlobalSection(ExtensibilityGlobals) = postSolution
		SolutionGuid = {13502764-EA75-4DD8-8CC2-696E1145D4D8}
	EndGlobalSection
EndGlobal
