
Microsoft Visual Studio Solution File, Format Version 12.00
# Visual Studio Version 17
VisualStudioVersion = 17.4.33205.214
MinimumVisualStudioVersion = 10.0.40219.1
Project("{8BC9CEB8-8B4A-11D0-8D11-00A0C91BC942}") = "Dll", "Dll\Dll.vcxproj", "{C1CE56DF-40CB-483B-B166-9AB451E96394}"
EndProject
Project("{9A19103F-16F7-4668-BE54-9A1E7A4F7556}") = "View", "WPF\View.csproj", "{A91CDE33-B11D-436F-BBC9-EE808DA0E469}"
	ProjectSection(ProjectDependencies) = postProject
		{65C481B4-5683-4823-9408-577709F72A0C} = {65C481B4-5683-4823-9408-577709F72A0C}
	EndProjectSection
EndProject
Project("{9A19103F-16F7-4668-BE54-9A1E7A4F7556}") = "Model", "ClassLibrary1\Model.csproj", "{65C481B4-5683-4823-9408-577709F72A0C}"
EndProject
Project("{9A19103F-16F7-4668-BE54-9A1E7A4F7556}") = "ViewModel", "ViewModel\ViewModel.csproj", "{E715263F-2863-4232-A67C-A3395E64828D}"
EndProject
Project("{9A19103F-16F7-4668-BE54-9A1E7A4F7556}") = "ModelTests", "ClassLibraryTests\ModelTests.csproj", "{A5247FBB-96DD-4FC4-BFDC-541489ADD34A}"
EndProject
Project("{FAE04EC0-301F-11D3-BF4B-00C04F79EFBC}") = "ViewModelTests", "ViewModelTests\ViewModelTests.csproj", "{3E5E9E77-2334-4E79-A2B7-6C822323AB24}"
EndProject
Global
	GlobalSection(SolutionConfigurationPlatforms) = preSolution
		Debug|Any CPU = Debug|Any CPU
		Debug|x64 = Debug|x64
		Debug|x86 = Debug|x86
		Release|Any CPU = Release|Any CPU
		Release|x64 = Release|x64
		Release|x86 = Release|x86
	EndGlobalSection
	GlobalSection(ProjectConfigurationPlatforms) = postSolution
		{C1CE56DF-40CB-483B-B166-9AB451E96394}.Debug|Any CPU.ActiveCfg = Debug|x64
		{C1CE56DF-40CB-483B-B166-9AB451E96394}.Debug|Any CPU.Build.0 = Debug|x64
		{C1CE56DF-40CB-483B-B166-9AB451E96394}.Debug|x64.ActiveCfg = Debug|x64
		{C1CE56DF-40CB-483B-B166-9AB451E96394}.Debug|x64.Build.0 = Debug|x64
		{C1CE56DF-40CB-483B-B166-9AB451E96394}.Debug|x86.ActiveCfg = Debug|Win32
		{C1CE56DF-40CB-483B-B166-9AB451E96394}.Debug|x86.Build.0 = Debug|Win32
		{C1CE56DF-40CB-483B-B166-9AB451E96394}.Release|Any CPU.ActiveCfg = Release|x64
		{C1CE56DF-40CB-483B-B166-9AB451E96394}.Release|Any CPU.Build.0 = Release|x64
		{C1CE56DF-40CB-483B-B166-9AB451E96394}.Release|x64.ActiveCfg = Release|x64
		{C1CE56DF-40CB-483B-B166-9AB451E96394}.Release|x64.Build.0 = Release|x64
		{C1CE56DF-40CB-483B-B166-9AB451E96394}.Release|x86.ActiveCfg = Release|Win32
		{C1CE56DF-40CB-483B-B166-9AB451E96394}.Release|x86.Build.0 = Release|Win32
		{A91CDE33-B11D-436F-BBC9-EE808DA0E469}.Debug|Any CPU.ActiveCfg = Debug|Any CPU
		{A91CDE33-B11D-436F-BBC9-EE808DA0E469}.Debug|Any CPU.Build.0 = Debug|Any CPU
		{A91CDE33-B11D-436F-BBC9-EE808DA0E469}.Debug|x64.ActiveCfg = Debug|Any CPU
		{A91CDE33-B11D-436F-BBC9-EE808DA0E469}.Debug|x64.Build.0 = Debug|Any CPU
		{A91CDE33-B11D-436F-BBC9-EE808DA0E469}.Debug|x86.ActiveCfg = Debug|Any CPU
		{A91CDE33-B11D-436F-BBC9-EE808DA0E469}.Debug|x86.Build.0 = Debug|Any CPU
		{A91CDE33-B11D-436F-BBC9-EE808DA0E469}.Release|Any CPU.ActiveCfg = Release|Any CPU
		{A91CDE33-B11D-436F-BBC9-EE808DA0E469}.Release|Any CPU.Build.0 = Release|Any CPU
		{A91CDE33-B11D-436F-BBC9-EE808DA0E469}.Release|x64.ActiveCfg = Release|Any CPU
		{A91CDE33-B11D-436F-BBC9-EE808DA0E469}.Release|x64.Build.0 = Release|Any CPU
		{A91CDE33-B11D-436F-BBC9-EE808DA0E469}.Release|x86.ActiveCfg = Release|Any CPU
		{A91CDE33-B11D-436F-BBC9-EE808DA0E469}.Release|x86.Build.0 = Release|Any CPU
		{65C481B4-5683-4823-9408-577709F72A0C}.Debug|Any CPU.ActiveCfg = Debug|Any CPU
		{65C481B4-5683-4823-9408-577709F72A0C}.Debug|Any CPU.Build.0 = Debug|Any CPU
		{65C481B4-5683-4823-9408-577709F72A0C}.Debug|x64.ActiveCfg = Debug|Any CPU
		{65C481B4-5683-4823-9408-577709F72A0C}.Debug|x64.Build.0 = Debug|Any CPU
		{65C481B4-5683-4823-9408-577709F72A0C}.Debug|x86.ActiveCfg = Debug|Any CPU
		{65C481B4-5683-4823-9408-577709F72A0C}.Debug|x86.Build.0 = Debug|Any CPU
		{65C481B4-5683-4823-9408-577709F72A0C}.Release|Any CPU.ActiveCfg = Release|Any CPU
		{65C481B4-5683-4823-9408-577709F72A0C}.Release|Any CPU.Build.0 = Release|Any CPU
		{65C481B4-5683-4823-9408-577709F72A0C}.Release|x64.ActiveCfg = Release|Any CPU
		{65C481B4-5683-4823-9408-577709F72A0C}.Release|x64.Build.0 = Release|Any CPU
		{65C481B4-5683-4823-9408-577709F72A0C}.Release|x86.ActiveCfg = Release|Any CPU
		{65C481B4-5683-4823-9408-577709F72A0C}.Release|x86.Build.0 = Release|Any CPU
		{E715263F-2863-4232-A67C-A3395E64828D}.Debug|Any CPU.ActiveCfg = Debug|Any CPU
		{E715263F-2863-4232-A67C-A3395E64828D}.Debug|Any CPU.Build.0 = Debug|Any CPU
		{E715263F-2863-4232-A67C-A3395E64828D}.Debug|x64.ActiveCfg = Debug|Any CPU
		{E715263F-2863-4232-A67C-A3395E64828D}.Debug|x64.Build.0 = Debug|Any CPU
		{E715263F-2863-4232-A67C-A3395E64828D}.Debug|x86.ActiveCfg = Debug|Any CPU
		{E715263F-2863-4232-A67C-A3395E64828D}.Debug|x86.Build.0 = Debug|Any CPU
		{E715263F-2863-4232-A67C-A3395E64828D}.Release|Any CPU.ActiveCfg = Release|Any CPU
		{E715263F-2863-4232-A67C-A3395E64828D}.Release|Any CPU.Build.0 = Release|Any CPU
		{E715263F-2863-4232-A67C-A3395E64828D}.Release|x64.ActiveCfg = Release|Any CPU
		{E715263F-2863-4232-A67C-A3395E64828D}.Release|x64.Build.0 = Release|Any CPU
		{E715263F-2863-4232-A67C-A3395E64828D}.Release|x86.ActiveCfg = Release|Any CPU
		{E715263F-2863-4232-A67C-A3395E64828D}.Release|x86.Build.0 = Release|Any CPU
		{A5247FBB-96DD-4FC4-BFDC-541489ADD34A}.Debug|Any CPU.ActiveCfg = Debug|Any CPU
		{A5247FBB-96DD-4FC4-BFDC-541489ADD34A}.Debug|Any CPU.Build.0 = Debug|Any CPU
		{A5247FBB-96DD-4FC4-BFDC-541489ADD34A}.Debug|x64.ActiveCfg = Debug|Any CPU
		{A5247FBB-96DD-4FC4-BFDC-541489ADD34A}.Debug|x64.Build.0 = Debug|Any CPU
		{A5247FBB-96DD-4FC4-BFDC-541489ADD34A}.Debug|x86.ActiveCfg = Debug|Any CPU
		{A5247FBB-96DD-4FC4-BFDC-541489ADD34A}.Debug|x86.Build.0 = Debug|Any CPU
		{A5247FBB-96DD-4FC4-BFDC-541489ADD34A}.Release|Any CPU.ActiveCfg = Release|Any CPU
		{A5247FBB-96DD-4FC4-BFDC-541489ADD34A}.Release|Any CPU.Build.0 = Release|Any CPU
		{A5247FBB-96DD-4FC4-BFDC-541489ADD34A}.Release|x64.ActiveCfg = Release|Any CPU
		{A5247FBB-96DD-4FC4-BFDC-541489ADD34A}.Release|x64.Build.0 = Release|Any CPU
		{A5247FBB-96DD-4FC4-BFDC-541489ADD34A}.Release|x86.ActiveCfg = Release|Any CPU
		{A5247FBB-96DD-4FC4-BFDC-541489ADD34A}.Release|x86.Build.0 = Release|Any CPU
		{3E5E9E77-2334-4E79-A2B7-6C822323AB24}.Debug|Any CPU.ActiveCfg = Debug|Any CPU
		{3E5E9E77-2334-4E79-A2B7-6C822323AB24}.Debug|Any CPU.Build.0 = Debug|Any CPU
		{3E5E9E77-2334-4E79-A2B7-6C822323AB24}.Debug|x64.ActiveCfg = Debug|Any CPU
		{3E5E9E77-2334-4E79-A2B7-6C822323AB24}.Debug|x64.Build.0 = Debug|Any CPU
		{3E5E9E77-2334-4E79-A2B7-6C822323AB24}.Debug|x86.ActiveCfg = Debug|Any CPU
		{3E5E9E77-2334-4E79-A2B7-6C822323AB24}.Debug|x86.Build.0 = Debug|Any CPU
		{3E5E9E77-2334-4E79-A2B7-6C822323AB24}.Release|Any CPU.ActiveCfg = Release|Any CPU
		{3E5E9E77-2334-4E79-A2B7-6C822323AB24}.Release|Any CPU.Build.0 = Release|Any CPU
		{3E5E9E77-2334-4E79-A2B7-6C822323AB24}.Release|x64.ActiveCfg = Release|Any CPU
		{3E5E9E77-2334-4E79-A2B7-6C822323AB24}.Release|x64.Build.0 = Release|Any CPU
		{3E5E9E77-2334-4E79-A2B7-6C822323AB24}.Release|x86.ActiveCfg = Release|Any CPU
		{3E5E9E77-2334-4E79-A2B7-6C822323AB24}.Release|x86.Build.0 = Release|Any CPU
	EndGlobalSection
	GlobalSection(SolutionProperties) = preSolution
		HideSolutionNode = FALSE
	EndGlobalSection
	GlobalSection(ExtensibilityGlobals) = postSolution
		SolutionGuid = {13502764-EA75-4DD8-8CC2-696E1145D4D8}
	EndGlobalSection
EndGlobal
